Microsoft Visual Studio Solution File, Format Version 12.00
# Visual Studio Version 17
VisualStudioVersion = 17.14.36202.13 d17.14
MinimumVisualStudioVersion = 10.0.40219.1
Project("{8BC9CEB8-8B4A-11D0-8D11-00A0C91BC942}") = "rasterm", "rasterm.vcxproj", "{A5A4DE86-BC1A-4F03-B945-46C67AC10265}"
EndProject
Project("{8BC9CEB8-8B4A-11D0-8D11-00A0C91BC942}") = "rPlayer", "apps/rPlayer/rPlayer.vcxproj", "{D1D44FB3-0EBE-4161-B0BD-2C50700F8859}"
EndProject
Global
	GlobalSection(SolutionConfigurationPlatforms) = preSolution
		Debug|x64 = Debug|x64
		Release|x64 = Release|x64
	EndGlobalSection
	GlobalSection(ProjectConfigurationPlatforms) = postSolution
		{A5A4DE86-BC1A-4F03-B945-46C67AC10265}.Debug|x64.ActiveCfg = Debug|x64
		{A5A4DE86-BC1A-4F03-B945-46C67AC10265}.Debug|x64.Build.0 = Debug|x64
		{A5A4DE86-BC1A-4F03-B945-46C67AC10265}.Release|x64.ActiveCfg = Release|x64
		{A5A4DE86-BC1A-4F03-B945-46C67AC10265}.Release|x64.Build.0 = Release|x64
		{D1D44FB3-0EBE-4161-B0BD-2C50700F8859}.Debug|x64.ActiveCfg = Debug|x64
		{D1D44FB3-0EBE-4161-B0BD-2C50700F8859}.Debug|x64.Build.0 = Debug|x64
		{D1D44FB3-0EBE-4161-B0BD-2C50700F8859}.Release|x64.ActiveCfg = Release|x64
		{D1D44FB3-0EBE-4161-B0BD-2C50700F8859}.Release|x64.Build.0 = Release|x64
	EndGlobalSection
	GlobalSection(SolutionProperties) = preSolution
		HideSolutionNode = FALSE
	EndGlobalSection
	GlobalSection(ExtensibilityGlobals) = postSolution
		SolutionGuid = {9050DC46-F090-45C8-AB8E-22F812A30183}
	EndGlobalSection
EndGlobal
