<?xml version="1.0" encoding="utf-8"?>
<Project ToolsVersion="4.0" xmlns="http://schemas.microsoft.com/developer/msbuild/2003">
  <ItemGroup>
    <ClInclude Include="include\rPlayer\AdaptiveResolution.hpp" />
    <ClInclude Include="include\rPlayer\Audio.hpp" />
    <ClInclude Include="include\rPlayer\FrameMetrics.hpp" />
    <ClInclude Include="include\rPlayer\ImageRenderer.hpp" />
    <ClInclude Include="include\rPlayer\IccImageLoader.hpp" />
    <ClInclude Include="include\rPlayer\MetricsLogger.hpp" />
    <ClInclude Include="include\rPlayer\VideoPlayer.hpp" />
    <ClInclude Include="include\rPlayer\VideoColor.hpp" />
  </ItemGroup>
  <ItemGroup>
    <ClCompile Include="src\AdaptiveResolution.cpp" />
    <ClCompile Include="src\Audio.cpp" />
    <ClCompile Include="src\FrameMetrics.cpp" />
    <ClCompile Include="src\ImageRenderer.cpp" />
    <ClCompile Include="src\IccImageLoader.cpp" />
    <ClCompile Include="src\main.cpp" />
    <ClCompile Include="src\MetricsLogger.cpp" />
    <ClCompile Include="src\VideoPlayer.cpp" />
    <ClCompile Include="src\VideoColor.cpp" />
  </ItemGroup>
</Project>
